
Microsoft Visual Studio Solution File, Format Version 12.00
# Visual Studio 14
VisualStudioVersion = 14.0.25123.0
MinimumVisualStudioVersion = 10.0.40219.1
Project("{FAE04EC0-301F-11D3-BF4B-00C04F79EFBC}") = "TestModelConsole", "TestModelConsole\TestModelConsole.csproj", "{AFC3DB92-2EEA-43E0-8BE2-9510A0706300}"
EndProject
Project("{FAE04EC0-301F-11D3-BF4B-00C04F79EFBC}") = "TestModel.BusinessLayer.Contracts", "TestModel.BusinessLayer\TestModel.BusinessLayer.Contracts.csproj", "{6F929049-D1E3-4080-8CF9-7BD6E50E6139}"
EndProject
Project("{FAE04EC0-301F-11D3-BF4B-00C04F79EFBC}") = "TestModel.BusinessLayer.Implementation", "TestModel.BusinessLayer.Implementation\TestModel.BusinessLayer.Implementation.csproj", "{9396C840-21CE-49B4-ABF4-7D4E2679BACB}"
EndProject
Project("{FAE04EC0-301F-11D3-BF4B-00C04F79EFBC}") = "TestModel.BusinessLayer.SecondImplementation", "TestModel.BusinessLayer.SecondImplementation\TestModel.BusinessLayer.SecondImplementation.csproj", "{4025DD7E-2BEE-4AB2-85ED-5B1B2F64B433}"
EndProject
Project("{FAE04EC0-301F-11D3-BF4B-00C04F79EFBC}") = "TestModel.Common", "TestModel.Common\TestModel.Common.csproj", "{1ADB481F-88A0-4FE3-81D8-205F15552F87}"
EndProject
Project("{FAE04EC0-301F-11D3-BF4B-00C04F79EFBC}") = "TestModel.DataAccess.Contracts", "TestModel.DataAccess.Contracts\TestModel.DataAccess.Contracts.csproj", "{A36719A2-09DC-4C80-8E48-EA36A6B5AA5D}"
EndProject
Project("{FAE04EC0-301F-11D3-BF4B-00C04F79EFBC}") = "TestModel.DataAccess.Implementation.MongoDb", "TestModel.DataAccess.Implementation.MongoDb\TestModel.DataAccess.Implementation.MongoDb.csproj", "{6C833C53-DFD1-4B3F-8609-745E7D1697D9}"
EndProject
Project("{FAE04EC0-301F-11D3-BF4B-00C04F79EFBC}") = "TestModel.DataAccess.Objects", "TestModel.DataAccess.Objects\TestModel.DataAccess.Objects.csproj", "{7C5CCF60-699E-48E4-BBD3-62EA3E6129AE}"
EndProject
Project("{FAE04EC0-301F-11D3-BF4B-00C04F79EFBC}") = "TestModel.DataAccess.Implementation.SqlDatabase", "TestModel.DataAccess.Implementation.SqlDatabase\TestModel.DataAccess.Implementation.SqlDatabase.csproj", "{14CECCCC-F396-4B5E-B265-4C2FF87BCB4E}"
EndProject
Project("{FAE04EC0-301F-11D3-BF4B-00C04F79EFBC}") = "TestModelConsole.Test", "TestModelConsole.Test\TestModelConsole.Test.csproj", "{A7A04BDD-0B18-4B9A-8468-BA877272CA98}"
EndProject
Project("{2150E333-8FDC-42A3-9474-1A3956D46DE8}") = "MumEntryExam", "MumEntryExam", "{7FA5693E-4A82-4E3E-8A3E-A11C722674DD}"
EndProject
Project("{FAE04EC0-301F-11D3-BF4B-00C04F79EFBC}") = "TestModel.MumEntryExamPractice", "TestModel.MumEntryExamPractice\TestModel.MumEntryExamPractice.csproj", "{F4F84273-03A0-40EB-9D44-72CB290F3C56}"
EndProject
Project("{FAE04EC0-301F-11D3-BF4B-00C04F79EFBC}") = "TestModel.MumEntryExamPractice.Test", "TestModel.MumEntryExamPractice.Test\TestModel.MumEntryExamPractice.Test.csproj", "{7CE066FD-2DE4-4639-A8C2-729B323F46E4}"
EndProject
Project("{2150E333-8FDC-42A3-9474-1A3956D46DE8}") = "CodingExercise", "CodingExercise", "{2FBA2F57-57C9-4845-BF3E-43EB3B22D165}"
EndProject
Project("{FAE04EC0-301F-11D3-BF4B-00C04F79EFBC}") = "TestModelConsole.CodingExercise", "TestModelConsole.CodingExercise\TestModelConsole.CodingExercise.csproj", "{F3FAC91B-A118-4D8C-8F74-696BA3B46BB5}"
EndProject
Project("{FAE04EC0-301F-11D3-BF4B-00C04F79EFBC}") = "TestModelConsole.CodingExercise.Test", "TestModelConsole.CodingExercise.Test\TestModelConsole.CodingExercise.Test.csproj", "{23DE93C8-005F-4D6C-BBEA-875D9368BE02}"
EndProject
Project("{2150E333-8FDC-42A3-9474-1A3956D46DE8}") = "Infrastructure", "Infrastructure", "{68EA37F7-9A59-466E-99BC-0F285CF9A7C7}"
EndProject
Project("{FAE04EC0-301F-11D3-BF4B-00C04F79EFBC}") = "TestModule.Logging", "TestModule.Logging\TestModule.Logging.csproj", "{5355403C-0039-4E49-9D0B-DFC978767D27}"
EndProject
Project("{FAE04EC0-301F-11D3-BF4B-00C04F79EFBC}") = "TestModule.Logging.Tests", "TestModule.Logging.Tests\TestModule.Logging.Tests.csproj", "{3BE3314F-51A3-43F3-BEE8-416254FC010A}"
EndProject
Project("{2150E333-8FDC-42A3-9474-1A3956D46DE8}") = "DataAccess", "DataAccess", "{08039042-4826-4B16-8130-01941EF88E5E}"
EndProject
Project("{2150E333-8FDC-42A3-9474-1A3956D46DE8}") = "BusinessLayer", "BusinessLayer", "{83AF5571-A79C-4AE7-A929-D37C62891A38}"
EndProject
Project("{FAE04EC0-301F-11D3-BF4B-00C04F79EFBC}") = "TestModel.DataAccess.Implementation.ElasticSearch", "TestModel.DataAccess.Implementation.ElasticSearch\TestModel.DataAccess.Implementation.ElasticSearch.csproj", "{6D6A8E06-B415-4D86-A4FA-97DFC491AB66}"
EndProject
Project("{2150E333-8FDC-42A3-9474-1A3956D46DE8}") = "SpringDotNet", "SpringDotNet", "{F369661E-7C23-44B9-B93B-10F6858E0FA4}"
EndProject
Project("{FAE04EC0-301F-11D3-BF4B-00C04F79EFBC}") = "TestModel.DataAccess.Implementation.Mongodb.Tests", "TestModel.DataAccess.Implementation.Mongodb.Tests\TestModel.DataAccess.Implementation.Mongodb.Tests.csproj", "{1DFB9292-6373-463A-A4AC-3330B7B90C70}"
EndProject
Project("{2150E333-8FDC-42A3-9474-1A3956D46DE8}") = "Client", "Client", "{43A2D298-9021-4D46-9A95-17C301DEB080}"
EndProject
Project("{FAE04EC0-301F-11D3-BF4B-00C04F79EFBC}") = "TestModelWeb", "TestModel.Web\TestModelWeb.csproj", "{FAEC0B50-F6B2-49C6-81DB-A88AF1D59437}"
EndProject
Project("{FAE04EC0-301F-11D3-BF4B-00C04F79EFBC}") = "TestModel.Common.Tests", "TestModel.Common.Tests\TestModel.Common.Tests.csproj", "{85313F22-EFDD-408E-903B-080F1CB1B018}"
EndProject
Global
	GlobalSection(SolutionConfigurationPlatforms) = preSolution
		Debug|Any CPU = Debug|Any CPU
		Release|Any CPU = Release|Any CPU
	EndGlobalSection
	GlobalSection(ProjectConfigurationPlatforms) = postSolution
		{AFC3DB92-2EEA-43E0-8BE2-9510A0706300}.Debug|Any CPU.ActiveCfg = Debug|Any CPU
		{AFC3DB92-2EEA-43E0-8BE2-9510A0706300}.Debug|Any CPU.Build.0 = Debug|Any CPU
		{AFC3DB92-2EEA-43E0-8BE2-9510A0706300}.Release|Any CPU.ActiveCfg = Release|Any CPU
		{AFC3DB92-2EEA-43E0-8BE2-9510A0706300}.Release|Any CPU.Build.0 = Release|Any CPU
		{6F929049-D1E3-4080-8CF9-7BD6E50E6139}.Debug|Any CPU.ActiveCfg = Debug|Any CPU
		{6F929049-D1E3-4080-8CF9-7BD6E50E6139}.Debug|Any CPU.Build.0 = Debug|Any CPU
		{6F929049-D1E3-4080-8CF9-7BD6E50E6139}.Release|Any CPU.ActiveCfg = Release|Any CPU
		{6F929049-D1E3-4080-8CF9-7BD6E50E6139}.Release|Any CPU.Build.0 = Release|Any CPU
		{9396C840-21CE-49B4-ABF4-7D4E2679BACB}.Debug|Any CPU.ActiveCfg = Debug|Any CPU
		{9396C840-21CE-49B4-ABF4-7D4E2679BACB}.Debug|Any CPU.Build.0 = Debug|Any CPU
		{9396C840-21CE-49B4-ABF4-7D4E2679BACB}.Release|Any CPU.ActiveCfg = Release|Any CPU
		{9396C840-21CE-49B4-ABF4-7D4E2679BACB}.Release|Any CPU.Build.0 = Release|Any CPU
		{4025DD7E-2BEE-4AB2-85ED-5B1B2F64B433}.Debug|Any CPU.ActiveCfg = Debug|Any CPU
		{4025DD7E-2BEE-4AB2-85ED-5B1B2F64B433}.Debug|Any CPU.Build.0 = Debug|Any CPU
		{4025DD7E-2BEE-4AB2-85ED-5B1B2F64B433}.Release|Any CPU.ActiveCfg = Release|Any CPU
		{4025DD7E-2BEE-4AB2-85ED-5B1B2F64B433}.Release|Any CPU.Build.0 = Release|Any CPU
		{1ADB481F-88A0-4FE3-81D8-205F15552F87}.Debug|Any CPU.ActiveCfg = Debug|Any CPU
		{1ADB481F-88A0-4FE3-81D8-205F15552F87}.Debug|Any CPU.Build.0 = Debug|Any CPU
		{1ADB481F-88A0-4FE3-81D8-205F15552F87}.Release|Any CPU.ActiveCfg = Release|Any CPU
		{1ADB481F-88A0-4FE3-81D8-205F15552F87}.Release|Any CPU.Build.0 = Release|Any CPU
		{A36719A2-09DC-4C80-8E48-EA36A6B5AA5D}.Debug|Any CPU.ActiveCfg = Debug|Any CPU
		{A36719A2-09DC-4C80-8E48-EA36A6B5AA5D}.Debug|Any CPU.Build.0 = Debug|Any CPU
		{A36719A2-09DC-4C80-8E48-EA36A6B5AA5D}.Release|Any CPU.ActiveCfg = Release|Any CPU
		{A36719A2-09DC-4C80-8E48-EA36A6B5AA5D}.Release|Any CPU.Build.0 = Release|Any CPU
		{6C833C53-DFD1-4B3F-8609-745E7D1697D9}.Debug|Any CPU.ActiveCfg = Debug|Any CPU
		{6C833C53-DFD1-4B3F-8609-745E7D1697D9}.Debug|Any CPU.Build.0 = Debug|Any CPU
		{6C833C53-DFD1-4B3F-8609-745E7D1697D9}.Release|Any CPU.ActiveCfg = Release|Any CPU
		{6C833C53-DFD1-4B3F-8609-745E7D1697D9}.Release|Any CPU.Build.0 = Release|Any CPU
		{7C5CCF60-699E-48E4-BBD3-62EA3E6129AE}.Debug|Any CPU.ActiveCfg = Debug|Any CPU
		{7C5CCF60-699E-48E4-BBD3-62EA3E6129AE}.Debug|Any CPU.Build.0 = Debug|Any CPU
		{7C5CCF60-699E-48E4-BBD3-62EA3E6129AE}.Release|Any CPU.ActiveCfg = Release|Any CPU
		{7C5CCF60-699E-48E4-BBD3-62EA3E6129AE}.Release|Any CPU.Build.0 = Release|Any CPU
		{14CECCCC-F396-4B5E-B265-4C2FF87BCB4E}.Debug|Any CPU.ActiveCfg = Debug|Any CPU
		{14CECCCC-F396-4B5E-B265-4C2FF87BCB4E}.Debug|Any CPU.Build.0 = Debug|Any CPU
		{14CECCCC-F396-4B5E-B265-4C2FF87BCB4E}.Release|Any CPU.ActiveCfg = Release|Any CPU
		{14CECCCC-F396-4B5E-B265-4C2FF87BCB4E}.Release|Any CPU.Build.0 = Release|Any CPU
		{A7A04BDD-0B18-4B9A-8468-BA877272CA98}.Debug|Any CPU.ActiveCfg = Debug|Any CPU
		{A7A04BDD-0B18-4B9A-8468-BA877272CA98}.Debug|Any CPU.Build.0 = Debug|Any CPU
		{A7A04BDD-0B18-4B9A-8468-BA877272CA98}.Release|Any CPU.ActiveCfg = Release|Any CPU
		{A7A04BDD-0B18-4B9A-8468-BA877272CA98}.Release|Any CPU.Build.0 = Release|Any CPU
		{F4F84273-03A0-40EB-9D44-72CB290F3C56}.Debug|Any CPU.ActiveCfg = Debug|Any CPU
		{F4F84273-03A0-40EB-9D44-72CB290F3C56}.Debug|Any CPU.Build.0 = Debug|Any CPU
		{F4F84273-03A0-40EB-9D44-72CB290F3C56}.Release|Any CPU.ActiveCfg = Release|Any CPU
		{F4F84273-03A0-40EB-9D44-72CB290F3C56}.Release|Any CPU.Build.0 = Release|Any CPU
		{7CE066FD-2DE4-4639-A8C2-729B323F46E4}.Debug|Any CPU.ActiveCfg = Debug|Any CPU
		{7CE066FD-2DE4-4639-A8C2-729B323F46E4}.Debug|Any CPU.Build.0 = Debug|Any CPU
		{7CE066FD-2DE4-4639-A8C2-729B323F46E4}.Release|Any CPU.ActiveCfg = Release|Any CPU
		{7CE066FD-2DE4-4639-A8C2-729B323F46E4}.Release|Any CPU.Build.0 = Release|Any CPU
		{F3FAC91B-A118-4D8C-8F74-696BA3B46BB5}.Debug|Any CPU.ActiveCfg = Debug|Any CPU
		{F3FAC91B-A118-4D8C-8F74-696BA3B46BB5}.Debug|Any CPU.Build.0 = Debug|Any CPU
		{F3FAC91B-A118-4D8C-8F74-696BA3B46BB5}.Release|Any CPU.ActiveCfg = Release|Any CPU
		{F3FAC91B-A118-4D8C-8F74-696BA3B46BB5}.Release|Any CPU.Build.0 = Release|Any CPU
		{23DE93C8-005F-4D6C-BBEA-875D9368BE02}.Debug|Any CPU.ActiveCfg = Debug|Any CPU
		{23DE93C8-005F-4D6C-BBEA-875D9368BE02}.Debug|Any CPU.Build.0 = Debug|Any CPU
		{23DE93C8-005F-4D6C-BBEA-875D9368BE02}.Release|Any CPU.ActiveCfg = Release|Any CPU
		{23DE93C8-005F-4D6C-BBEA-875D9368BE02}.Release|Any CPU.Build.0 = Release|Any CPU
		{5355403C-0039-4E49-9D0B-DFC978767D27}.Debug|Any CPU.ActiveCfg = Debug|Any CPU
		{5355403C-0039-4E49-9D0B-DFC978767D27}.Debug|Any CPU.Build.0 = Debug|Any CPU
		{5355403C-0039-4E49-9D0B-DFC978767D27}.Release|Any CPU.ActiveCfg = Release|Any CPU
		{5355403C-0039-4E49-9D0B-DFC978767D27}.Release|Any CPU.Build.0 = Release|Any CPU
		{3BE3314F-51A3-43F3-BEE8-416254FC010A}.Debug|Any CPU.ActiveCfg = Debug|Any CPU
		{3BE3314F-51A3-43F3-BEE8-416254FC010A}.Debug|Any CPU.Build.0 = Debug|Any CPU
		{3BE3314F-51A3-43F3-BEE8-416254FC010A}.Release|Any CPU.ActiveCfg = Release|Any CPU
		{3BE3314F-51A3-43F3-BEE8-416254FC010A}.Release|Any CPU.Build.0 = Release|Any CPU
		{6D6A8E06-B415-4D86-A4FA-97DFC491AB66}.Debug|Any CPU.ActiveCfg = Debug|Any CPU
		{6D6A8E06-B415-4D86-A4FA-97DFC491AB66}.Debug|Any CPU.Build.0 = Debug|Any CPU
		{6D6A8E06-B415-4D86-A4FA-97DFC491AB66}.Release|Any CPU.ActiveCfg = Release|Any CPU
		{6D6A8E06-B415-4D86-A4FA-97DFC491AB66}.Release|Any CPU.Build.0 = Release|Any CPU
		{1DFB9292-6373-463A-A4AC-3330B7B90C70}.Debug|Any CPU.ActiveCfg = Debug|Any CPU
		{1DFB9292-6373-463A-A4AC-3330B7B90C70}.Debug|Any CPU.Build.0 = Debug|Any CPU
		{1DFB9292-6373-463A-A4AC-3330B7B90C70}.Release|Any CPU.ActiveCfg = Release|Any CPU
		{1DFB9292-6373-463A-A4AC-3330B7B90C70}.Release|Any CPU.Build.0 = Release|Any CPU
		{FAEC0B50-F6B2-49C6-81DB-A88AF1D59437}.Debug|Any CPU.ActiveCfg = Debug|Any CPU
		{FAEC0B50-F6B2-49C6-81DB-A88AF1D59437}.Debug|Any CPU.Build.0 = Debug|Any CPU
		{FAEC0B50-F6B2-49C6-81DB-A88AF1D59437}.Release|Any CPU.ActiveCfg = Release|Any CPU
		{FAEC0B50-F6B2-49C6-81DB-A88AF1D59437}.Release|Any CPU.Build.0 = Release|Any CPU
		{85313F22-EFDD-408E-903B-080F1CB1B018}.Debug|Any CPU.ActiveCfg = Debug|Any CPU
		{85313F22-EFDD-408E-903B-080F1CB1B018}.Debug|Any CPU.Build.0 = Debug|Any CPU
		{85313F22-EFDD-408E-903B-080F1CB1B018}.Release|Any CPU.ActiveCfg = Release|Any CPU
		{85313F22-EFDD-408E-903B-080F1CB1B018}.Release|Any CPU.Build.0 = Release|Any CPU
	EndGlobalSection
	GlobalSection(SolutionProperties) = preSolution
		HideSolutionNode = FALSE
	EndGlobalSection
	GlobalSection(NestedProjects) = preSolution
		{6F929049-D1E3-4080-8CF9-7BD6E50E6139} = {83AF5571-A79C-4AE7-A929-D37C62891A38}
		{9396C840-21CE-49B4-ABF4-7D4E2679BACB} = {83AF5571-A79C-4AE7-A929-D37C62891A38}
		{4025DD7E-2BEE-4AB2-85ED-5B1B2F64B433} = {83AF5571-A79C-4AE7-A929-D37C62891A38}
		{A36719A2-09DC-4C80-8E48-EA36A6B5AA5D} = {08039042-4826-4B16-8130-01941EF88E5E}
		{6C833C53-DFD1-4B3F-8609-745E7D1697D9} = {08039042-4826-4B16-8130-01941EF88E5E}
		{7C5CCF60-699E-48E4-BBD3-62EA3E6129AE} = {08039042-4826-4B16-8130-01941EF88E5E}
		{14CECCCC-F396-4B5E-B265-4C2FF87BCB4E} = {08039042-4826-4B16-8130-01941EF88E5E}
		{F4F84273-03A0-40EB-9D44-72CB290F3C56} = {7FA5693E-4A82-4E3E-8A3E-A11C722674DD}
		{7CE066FD-2DE4-4639-A8C2-729B323F46E4} = {7FA5693E-4A82-4E3E-8A3E-A11C722674DD}
		{F3FAC91B-A118-4D8C-8F74-696BA3B46BB5} = {2FBA2F57-57C9-4845-BF3E-43EB3B22D165}
		{23DE93C8-005F-4D6C-BBEA-875D9368BE02} = {2FBA2F57-57C9-4845-BF3E-43EB3B22D165}
		{5355403C-0039-4E49-9D0B-DFC978767D27} = {68EA37F7-9A59-466E-99BC-0F285CF9A7C7}
		{3BE3314F-51A3-43F3-BEE8-416254FC010A} = {68EA37F7-9A59-466E-99BC-0F285CF9A7C7}
		{6D6A8E06-B415-4D86-A4FA-97DFC491AB66} = {08039042-4826-4B16-8130-01941EF88E5E}
		{1DFB9292-6373-463A-A4AC-3330B7B90C70} = {08039042-4826-4B16-8130-01941EF88E5E}
		{FAEC0B50-F6B2-49C6-81DB-A88AF1D59437} = {43A2D298-9021-4D46-9A95-17C301DEB080}
	EndGlobalSection
EndGlobal
